# THIS IS AN AUTOGENERATED FILE. DO NOT EDIT THIS FILE DIRECTLY.
# yarn lockfile v1


arrify@^2.0.1:
  version "2.0.1"
  resolved "https://registry.yarnpkg.com/arrify/-/arrify-2.0.1.tgz#c9655e9331e0abcd588d2a7cad7e9956f66701fa"
  integrity sha512-3duEwti880xqi4eAMN8AyR4a0ByT90zoYdLlevfrvU43vb0YZwZVfxOgxWrLXXXpyugL0hNZc9G6BiB5B3nUug==

async@^3.1.0:
  version "3.1.0"
  resolved "https://registry.yarnpkg.com/async/-/async-3.1.0.tgz#42b3b12ae1b74927b5217d8c0016baaf62463772"
  integrity sha512-4vx/aaY6j/j3Lw3fbCHNWP0pPaTCew3F6F3hYyl/tHs/ndmV1q7NW9T5yuJ2XAGwdQrP+6Wu20x06U4APo/iQQ==

commander@~2.0.0:
  version "2.0.0"
  resolved "https://registry.yarnpkg.com/commander/-/commander-2.0.0.tgz#d1b86f901f8b64bd941bdeadaf924530393be928"
  integrity sha1-0bhvkB+LZL2UG96tr5JFMDk76Sg=

dehumanize-date@^2.6.2:
  version "2.6.2"
  resolved "https://registry.yarnpkg.com/dehumanize-date/-/dehumanize-date-2.6.2.tgz#605291465f0f2bafbfc9ba9ff5845927b35075f4"
  integrity sha512-Fxxt8zwKPTTMq7fLwXPK+QHWaiuTClNAPjCEJnlUolL00JPPus11QAs47l9iL6E3tNIeS9GiVcddqrBjM/z7kw==
  dependencies:
    is-leap-year "^0.1.0"

is-leap-year@^0.1.0:
  version "0.1.0"
  resolved "https://registry.yarnpkg.com/is-leap-year/-/is-leap-year-0.1.0.tgz#e3ee04508d878c3c68a5012361c5b806d1e0fbeb"
  integrity sha1-4+4EUI2HjDxopQEjYcW4BtHg++s=

isnumeric@^0.3.3:
  version "0.3.3"
  resolved "https://registry.yarnpkg.com/isnumeric/-/isnumeric-0.3.3.tgz#74c6cc0a80219a7a65f0f7b3d1ba4d395497354d"
  integrity sha512-GTxMCA0SsHdQWdsb6CDavRbeq4mQ2pryJUqwpcRHfKNnvdnNnI+3zT8K2zR/o9zZxTM6HKW7GRRetObb8E7p9Q==

lodash@^4.17.15:
  version "4.17.15"
  resolved "https://registry.yarnpkg.com/lodash/-/lodash-4.17.15.tgz#b447f6670a0455bbfeedd11392eff330ea097548"
  integrity sha512-8xOcRHvCjnocdS5cpwXQXVzmmh5e5+saE2QGoeQmbKmRS6J3VQppPOIt0MnmE+4xlZoumy0GPG0D0MVIQbNA1A==

numeral@^2.0.6:
  version "2.0.6"
  resolved "https://registry.yarnpkg.com/numeral/-/numeral-2.0.6.tgz#4ad080936d443c2561aed9f2197efffe25f4e506"
  integrity sha1-StCAk21EPCVhrtnyGX7//iX05QY=

ordinal@^1.0.3:
  version "1.0.3"
  resolved "https://registry.yarnpkg.com/ordinal/-/ordinal-1.0.3.tgz#1a3c7726a61728112f50944ad7c35c06ae3a0d4d"
  integrity sha512-cMddMgb2QElm8G7vdaa02jhUNbTSrhsgAGUz1OokD83uJTwSUn+nKoNoKVVaRa08yF6sgfO7Maou1+bgLd9rdQ==

pluralize@^1.1.2:
  version "1.2.1"
  resolved "https://registry.yarnpkg.com/pluralize/-/pluralize-1.2.1.tgz#d1a21483fd22bb41e58a12fa3421823140897c45"
  integrity sha1-0aIUg/0iu0HlihL6NCGCMUCJfEU=

romantique@^0.1.0:
  version "0.1.0"
  resolved "https://registry.yarnpkg.com/romantique/-/romantique-0.1.0.tgz#19d24c8f5f9feca2a973ff085b5816585c4e005c"
  integrity sha1-GdJMj1+f7KKpc/8IW1gWWFxOAFw=
  dependencies:
    commander "~2.0.0"

to-number@^1.0.2:
  version "1.0.2"
  resolved "https://registry.yarnpkg.com/to-number/-/to-number-1.0.2.tgz#705e54f15f5ca24f91d368d077717255605e06c0"
  integrity sha1-cF5U8V9cok+R02jQd3FyVWBeBsA=
  dependencies:
    pluralize "^1.1.2"
